
Microsoft Visual Studio Solution File, Format Version 12.00
# Visual Studio Version 16
VisualStudioVersion = 16.0.29721.120
MinimumVisualStudioVersion = 10.0.40219.1
Project("{FAE04EC0-301F-11D3-BF4B-00C04F79EFBC}") = "efcore.dotnetcoders.demo", "efcore.dotnetcoders.demo.csproj", "{560002B3-83F8-4BF0-A94B-DDE2D2D45654}"
EndProject
Global
	GlobalSection(SolutionConfigurationPlatforms) = preSolution
		Debug|Any CPU = Debug|Any CPU
		Release|Any CPU = Release|Any CPU
	EndGlobalSection
	GlobalSection(ProjectConfigurationPlatforms) = postSolution
		{560002B3-83F8-4BF0-A94B-DDE2D2D45654}.Debug|Any CPU.ActiveCfg = Debug|Any CPU
		{560002B3-83F8-4BF0-A94B-DDE2D2D45654}.Debug|Any CPU.Build.0 = Debug|Any CPU
		{560002B3-83F8-4BF0-A94B-DDE2D2D45654}.Release|Any CPU.ActiveCfg = Release|Any CPU
		{560002B3-83F8-4BF0-A94B-DDE2D2D45654}.Release|Any CPU.Build.0 = Release|Any CPU
	EndGlobalSection
	GlobalSection(SolutionProperties) = preSolution
		HideSolutionNode = FALSE
	EndGlobalSection
	GlobalSection(ExtensibilityGlobals) = postSolution
		SolutionGuid = {AF7C6AB2-B4E8-4503-9923-9A8ABFBAC8A0}
	EndGlobalSection
EndGlobal
